
Microsoft Visual Studio Solution File, Format Version 12.00
# Visual Studio 14
VisualStudioVersion = 14.0.25420.1
MinimumVisualStudioVersion = 10.0.40219.1
Project("{8BC9CEB8-8B4A-11D0-8D11-00A0C91BC942}") = "Task1_Server", "Task1_Server\Task1_Server.vcxproj", "{C8420951-3C99-4868-98B7-B25C8533A65A}"
EndProject
Project("{8BC9CEB8-8B4A-11D0-8D11-00A0C91BC942}") = "Task1_Client", "Task1_Client\Task1_Client.vcxproj", "{87B87B11-AF1B-48FD-BA86-EAECB482F135}"
EndProject
Project("{8BC9CEB8-8B4A-11D0-8D11-00A0C91BC942}") = "Task2_Server", "Task2_Server\Task2_Server.vcxproj", "{FF3F08C3-5CD8-45F4-99E6-52935E16F59E}"
EndProject
Project("{8BC9CEB8-8B4A-11D0-8D11-00A0C91BC942}") = "Task2_Client", "Task2_Client\Task2_Client.vcxproj", "{2DA51CF2-1FD2-4A3B-9E1A-7B586F990293}"
EndProject
Global
	GlobalSection(SolutionConfigurationPlatforms) = preSolution
		Debug|x64 = Debug|x64
		Debug|x86 = Debug|x86
		Release|x64 = Release|x64
		Release|x86 = Release|x86
	EndGlobalSection
	GlobalSection(ProjectConfigurationPlatforms) = postSolution
		{C8420951-3C99-4868-98B7-B25C8533A65A}.Debug|x64.ActiveCfg = Debug|x64
		{C8420951-3C99-4868-98B7-B25C8533A65A}.Debug|x64.Build.0 = Debug|x64
		{C8420951-3C99-4868-98B7-B25C8533A65A}.Debug|x86.ActiveCfg = Debug|Win32
		{C8420951-3C99-4868-98B7-B25C8533A65A}.Debug|x86.Build.0 = Debug|Win32
		{C8420951-3C99-4868-98B7-B25C8533A65A}.Release|x64.ActiveCfg = Release|x64
		{C8420951-3C99-4868-98B7-B25C8533A65A}.Release|x64.Build.0 = Release|x64
		{C8420951-3C99-4868-98B7-B25C8533A65A}.Release|x86.ActiveCfg = Release|Win32
		{C8420951-3C99-4868-98B7-B25C8533A65A}.Release|x86.Build.0 = Release|Win32
		{87B87B11-AF1B-48FD-BA86-EAECB482F135}.Debug|x64.ActiveCfg = Debug|x64
		{87B87B11-AF1B-48FD-BA86-EAECB482F135}.Debug|x64.Build.0 = Debug|x64
		{87B87B11-AF1B-48FD-BA86-EAECB482F135}.Debug|x86.ActiveCfg = Debug|Win32
		{87B87B11-AF1B-48FD-BA86-EAECB482F135}.Debug|x86.Build.0 = Debug|Win32
		{87B87B11-AF1B-48FD-BA86-EAECB482F135}.Release|x64.ActiveCfg = Release|x64
		{87B87B11-AF1B-48FD-BA86-EAECB482F135}.Release|x64.Build.0 = Release|x64
		{87B87B11-AF1B-48FD-BA86-EAECB482F135}.Release|x86.ActiveCfg = Release|Win32
		{87B87B11-AF1B-48FD-BA86-EAECB482F135}.Release|x86.Build.0 = Release|Win32
		{FF3F08C3-5CD8-45F4-99E6-52935E16F59E}.Debug|x64.ActiveCfg = Debug|x64
		{FF3F08C3-5CD8-45F4-99E6-52935E16F59E}.Debug|x64.Build.0 = Debug|x64
		{FF3F08C3-5CD8-45F4-99E6-52935E16F59E}.Debug|x86.ActiveCfg = Debug|Win32
		{FF3F08C3-5CD8-45F4-99E6-52935E16F59E}.Debug|x86.Build.0 = Debug|Win32
		{FF3F08C3-5CD8-45F4-99E6-52935E16F59E}.Release|x64.ActiveCfg = Release|x64
		{FF3F08C3-5CD8-45F4-99E6-52935E16F59E}.Release|x64.Build.0 = Release|x64
		{FF3F08C3-5CD8-45F4-99E6-52935E16F59E}.Release|x86.ActiveCfg = Release|Win32
		{FF3F08C3-5CD8-45F4-99E6-52935E16F59E}.Release|x86.Build.0 = Release|Win32
		{2DA51CF2-1FD2-4A3B-9E1A-7B586F990293}.Debug|x64.ActiveCfg = Debug|x64
		{2DA51CF2-1FD2-4A3B-9E1A-7B586F990293}.Debug|x64.Build.0 = Debug|x64
		{2DA51CF2-1FD2-4A3B-9E1A-7B586F990293}.Debug|x86.ActiveCfg = Debug|Win32
		{2DA51CF2-1FD2-4A3B-9E1A-7B586F990293}.Debug|x86.Build.0 = Debug|Win32
		{2DA51CF2-1FD2-4A3B-9E1A-7B586F990293}.Release|x64.ActiveCfg = Release|x64
		{2DA51CF2-1FD2-4A3B-9E1A-7B586F990293}.Release|x64.Build.0 = Release|x64
		{2DA51CF2-1FD2-4A3B-9E1A-7B586F990293}.Release|x86.ActiveCfg = Release|Win32
		{2DA51CF2-1FD2-4A3B-9E1A-7B586F990293}.Release|x86.Build.0 = Release|Win32
	EndGlobalSection
	GlobalSection(SolutionProperties) = preSolution
		HideSolutionNode = FALSE
	EndGlobalSection
EndGlobal
